
Microsoft Visual Studio Solution File, Format Version 12.00
# Visual Studio Version 16
VisualStudioVersion = 16.0.810.13
MinimumVisualStudioVersion = 10.0.40219.1
Project("{FAE04EC0-301F-11D3-BF4B-00C04F79EFBC}") = "RethinkDbClientDemo", "RethinkDbClientDemo\RethinkDbClientDemo.csproj", "{0AFB0468-6556-44A8-B24A-94987E264A90}"
EndProject
Project("{FAE04EC0-301F-11D3-BF4B-00C04F79EFBC}") = "RethinkDbLib", "RethinkDbLib\RethinkDbLib.csproj", "{D95FFDA1-760A-4783-B89B-72D3FE7EB1AA}"
EndProject
Project("{FAE04EC0-301F-11D3-BF4B-00C04F79EFBC}") = "RethinkDbTest", "RethinkDbTest\RethinkDbTest.csproj", "{0F29EF4C-9E5E-4589-ADA8-A0C73B94A072}"
EndProject
Global
	GlobalSection(SolutionConfigurationPlatforms) = preSolution
		Debug|Any CPU = Debug|Any CPU
		Release|Any CPU = Release|Any CPU
	EndGlobalSection
	GlobalSection(ProjectConfigurationPlatforms) = postSolution
		{0AFB0468-6556-44A8-B24A-94987E264A90}.Debug|Any CPU.ActiveCfg = Debug|Any CPU
		{0AFB0468-6556-44A8-B24A-94987E264A90}.Debug|Any CPU.Build.0 = Debug|Any CPU
		{0AFB0468-6556-44A8-B24A-94987E264A90}.Release|Any CPU.ActiveCfg = Release|Any CPU
		{0AFB0468-6556-44A8-B24A-94987E264A90}.Release|Any CPU.Build.0 = Release|Any CPU
		{D95FFDA1-760A-4783-B89B-72D3FE7EB1AA}.Debug|Any CPU.ActiveCfg = Debug|Any CPU
		{D95FFDA1-760A-4783-B89B-72D3FE7EB1AA}.Debug|Any CPU.Build.0 = Debug|Any CPU
		{D95FFDA1-760A-4783-B89B-72D3FE7EB1AA}.Release|Any CPU.ActiveCfg = Release|Any CPU
		{D95FFDA1-760A-4783-B89B-72D3FE7EB1AA}.Release|Any CPU.Build.0 = Release|Any CPU
		{0F29EF4C-9E5E-4589-ADA8-A0C73B94A072}.Debug|Any CPU.ActiveCfg = Debug|Any CPU
		{0F29EF4C-9E5E-4589-ADA8-A0C73B94A072}.Debug|Any CPU.Build.0 = Debug|Any CPU
		{0F29EF4C-9E5E-4589-ADA8-A0C73B94A072}.Release|Any CPU.ActiveCfg = Release|Any CPU
		{0F29EF4C-9E5E-4589-ADA8-A0C73B94A072}.Release|Any CPU.Build.0 = Release|Any CPU
	EndGlobalSection
	GlobalSection(SolutionProperties) = preSolution
		HideSolutionNode = FALSE
	EndGlobalSection
	GlobalSection(ExtensibilityGlobals) = postSolution
		SolutionGuid = {B37E2A99-E7D4-4C85-B743-ECB6FB0C5DDC}
	EndGlobalSection
EndGlobal
